<?xml version="1.0" encoding="utf-8"?>
<Project ToolsVersion="4.0" xmlns="http://schemas.microsoft.com/developer/msbuild/2003">
  <ItemGroup>
    <Filter Include="Engine">
      <UniqueIdentifier>{666fc601-1c79-4803-ae47-df0e17c77649}</UniqueIdentifier>
    </Filter>
    <Filter Include="Entities">
      <UniqueIdentifier>{0d1d8683-385f-411c-94fc-460b285a506f}</UniqueIdentifier>
    </Filter>
    <Filter Include="Animation">
      <UniqueIdentifier>{0ba1a622-5c82-4032-9d26-53993ad5d340}</UniqueIdentifier>
    </Filter>
    <Filter Include="Game">
      <UniqueIdentifier>{b2e2cb84-8c93-4d1a-bf9d-27bdabea1e67}</UniqueIdentifier>
    </Filter>
    <Filter Include="Renderer">
      <UniqueIdentifier>{e9268bf5-11e8-422a-a558-310c877e5e7a}</UniqueIdentifier>
    </Filter>
    <Filter Include="Input">
      <UniqueIdentifier>{fff87eab-462a-4d90-916d-e22bdf6c072d}</UniqueIdentifier>
    </Filter>
    <Filter Include="Timer">
      <UniqueIdentifier>{0a154edc-970e-4ac4-91fc-c47cb0925b5d}</UniqueIdentifier>
    </Filter>
    <Filter Include="VertexBuffer">
      <UniqueIdentifier>{35806f81-4307-4cd2-8059-35ae1bb3ced9}</UniqueIdentifier>
    </Filter>
    <Filter Include="Window">
      <UniqueIdentifier>{198a808a-7fe7-45ec-b994-bf157c9136e7}</UniqueIdentifier>
    </Filter>
    <Filter Include="Map">
      <UniqueIdentifier>{791cac69-a589-43f1-8d65-018a8e4f3d99}</UniqueIdentifier>
    </Filter>
    <Filter Include="Map\TiniXML2">
      <UniqueIdentifier>{1ef3da8b-b8e7-480d-addb-3445f2fd92ce}</UniqueIdentifier>
    </Filter>
    <Filter Include="Camera">
      <UniqueIdentifier>{61f86655-7b57-4eb5-825a-d250ec7194ae}</UniqueIdentifier>
    </Filter>
    <Filter Include="Importer">
      <UniqueIdentifier>{8c08a141-6d88-4414-b5ea-4a1f563c67d9}</UniqueIdentifier>
    </Filter>
    <Filter Include="VertexBuffer3D">
      <UniqueIdentifier>{f93d985d-c5bc-43da-812e-947f00d1f0ed}</UniqueIdentifier>
    </Filter>
    <Filter Include="IndexBuffer3D">
      <UniqueIdentifier>{60263fab-9e0b-4d0c-ac34-b9199101a6e2}</UniqueIdentifier>
    </Filter>
    <Filter Include="Entities\Entity2D">
      <UniqueIdentifier>{0d8e0468-ade3-433b-98ac-0a9ebcf51bb6}</UniqueIdentifier>
    </Filter>
    <Filter Include="Entities\Entity3D">
      <UniqueIdentifier>{3a757ee6-ec65-4666-bb7c-25e9e19db7d5}</UniqueIdentifier>
    </Filter>
    <Filter Include="Entities\ScreenText">
      <UniqueIdentifier>{c2a6a807-6930-43dc-8457-972395769d36}</UniqueIdentifier>
    </Filter>
    <Filter Include="Entities\Sound">
      <UniqueIdentifier>{626c3740-6002-4217-b467-5cfbda4b5256}</UniqueIdentifier>
    </Filter>
    <Filter Include="Entities\Entity2D\Sprite">
      <UniqueIdentifier>{17d24b28-3e2e-4aaa-8ffd-66bebb8ed725}</UniqueIdentifier>
    </Filter>
    <Filter Include="Entities\Entity2D\Quad">
      <UniqueIdentifier>{e726e298-119d-4ba9-aa94-e90af1161043}</UniqueIdentifier>
    </Filter>
    <Filter Include="Entities\Entity3D\Node">
      <UniqueIdentifier>{7da17705-84b8-4860-ad3d-c110f15b9243}</UniqueIdentifier>
    </Filter>
    <Filter Include="Entities\Entity3D\Mesh">
      <UniqueIdentifier>{9971b6a9-0093-449b-862f-43bcce6b20c8}</UniqueIdentifier>
    </Filter>
    <Filter Include="Entities\Entity3D\BSP">
      <UniqueIdentifier>{e6f2f265-9396-499a-a297-6d73411e1e61}</UniqueIdentifier>
    </Filter>
  </ItemGroup>
  <ItemGroup>
    <ClInclude Include="Engine.h">
      <Filter>Engine</Filter>
    </ClInclude>
    <ClInclude Include="Animation.h">
      <Filter>Animation</Filter>
    </ClInclude>
    <ClInclude Include="Frame.h">
      <Filter>Animation</Filter>
    </ClInclude>
    <ClInclude Include="Game.h">
      <Filter>Game</Filter>
    </ClInclude>
    <ClInclude Include="Renderer.h">
      <Filter>Renderer</Filter>
    </ClInclude>
    <ClInclude Include="directinput.h">
      <Filter>Input</Filter>
    </ClInclude>
    <ClInclude Include="input.h">
      <Filter>Input</Filter>
    </ClInclude>
    <ClInclude Include="timer.h">
      <Filter>Timer</Filter>
    </ClInclude>
    <ClInclude Include="Tile.h">
      <Filter>Map</Filter>
    </ClInclude>
    <ClInclude Include="TileMap.h">
      <Filter>Map</Filter>
    </ClInclude>
    <ClInclude Include="tinyxml2.h">
      <Filter>Map\TiniXML2</Filter>
    </ClInclude>
    <ClInclude Include="vertexbuffer.h">
      <Filter>VertexBuffer</Filter>
    </ClInclude>
    <ClInclude Include="Window.h">
      <Filter>Window</Filter>
    </ClInclude>
    <ClInclude Include="Camera.h">
      <Filter>Camera</Filter>
    </ClInclude>
    <ClInclude Include="Mesh.h">
      <Filter>Entities\Entity3D\Mesh</Filter>
    </ClInclude>
    <ClInclude Include="pg2_indexbuffer.h">
      <Filter>IndexBuffer3D</Filter>
    </ClInclude>
    <ClInclude Include="pg2_vertexbuffer.h">
      <Filter>VertexBuffer3D</Filter>
    </ClInclude>
    <ClInclude Include="Importer.h">
      <Filter>Importer</Filter>
    </ClInclude>
    <ClInclude Include="Export.h" />
    <ClInclude Include="Node.h">
      <Filter>Entities\Entity3D\Node</Filter>
    </ClInclude>
    <ClInclude Include="Entity2D.h">
      <Filter>Entities\Entity2D</Filter>
    </ClInclude>
    <ClInclude Include="Entity3D.h">
      <Filter>Entities\Entity3D</Filter>
    </ClInclude>
    <ClInclude Include="Quad.h">
      <Filter>Entities\Entity2D\Quad</Filter>
    </ClInclude>
    <ClInclude Include="ScreenText.h">
      <Filter>Entities\ScreenText</Filter>
    </ClInclude>
    <ClInclude Include="Sound.h">
      <Filter>Entities\Sound</Filter>
    </ClInclude>
    <ClInclude Include="Sprite.h">
      <Filter>Entities\Entity2D\Sprite</Filter>
    </ClInclude>
    <ClInclude Include="StructsAndEnums.h" />
    <ClInclude Include="BSP.h">
      <Filter>Entities\Entity3D\BSP</Filter>
    </ClInclude>
  </ItemGroup>
  <ItemGroup>
    <None Include="input.inl">
      <Filter>Input</Filter>
    </None>
    <None Include="timer.inl">
      <Filter>Timer</Filter>
    </None>
    <None Include="pg2_indexbuffer.inl">
      <Filter>IndexBuffer3D</Filter>
    </None>
    <None Include="pg2_vertexbuffer.inl">
      <Filter>VertexBuffer3D</Filter>
    </None>
  </ItemGroup>
  <ItemGroup>
    <ClCompile Include="Engine.cpp">
      <Filter>Engine</Filter>
    </ClCompile>
    <ClCompile Include="Animation.cpp">
      <Filter>Animation</Filter>
    </ClCompile>
    <ClCompile Include="Frame.cpp">
      <Filter>Animation</Filter>
    </ClCompile>
    <ClCompile Include="Game.cpp">
      <Filter>Game</Filter>
    </ClCompile>
    <ClCompile Include="Renderer.cpp">
      <Filter>Renderer</Filter>
    </ClCompile>
    <ClCompile Include="directinput.cpp">
      <Filter>Input</Filter>
    </ClCompile>
    <ClCompile Include="input.cpp">
      <Filter>Input</Filter>
    </ClCompile>
    <ClCompile Include="timer.cpp">
      <Filter>Timer</Filter>
    </ClCompile>
    <ClCompile Include="TileMap.cpp">
      <Filter>Map</Filter>
    </ClCompile>
    <ClCompile Include="Tile.cpp">
      <Filter>Map</Filter>
    </ClCompile>
    <ClCompile Include="tinyxml2.cpp">
      <Filter>Map\TiniXML2</Filter>
    </ClCompile>
    <ClCompile Include="vertexbuffer.cpp">
      <Filter>VertexBuffer</Filter>
    </ClCompile>
    <ClCompile Include="Window.cpp">
      <Filter>Window</Filter>
    </ClCompile>
    <ClCompile Include="Camera.cpp">
      <Filter>Camera</Filter>
    </ClCompile>
    <ClCompile Include="Mesh.cpp">
      <Filter>Entities\Entity3D\Mesh</Filter>
    </ClCompile>
    <ClCompile Include="pg2_indexbuffer.cpp">
      <Filter>IndexBuffer3D</Filter>
    </ClCompile>
    <ClCompile Include="pg2_vertexbuffer.cpp">
      <Filter>VertexBuffer3D</Filter>
    </ClCompile>
    <ClCompile Include="Importer.cpp">
      <Filter>Importer</Filter>
    </ClCompile>
    <ClCompile Include="Node.cpp">
      <Filter>Entities\Entity3D\Node</Filter>
    </ClCompile>
    <ClCompile Include="Entity2D.cpp">
      <Filter>Entities\Entity2D</Filter>
    </ClCompile>
    <ClCompile Include="Entity3D.cpp">
      <Filter>Entities\Entity3D</Filter>
    </ClCompile>
    <ClCompile Include="Quad.cpp">
      <Filter>Entities\Entity2D\Quad</Filter>
    </ClCompile>
    <ClCompile Include="ScreenText.cpp">
      <Filter>Entities\ScreenText</Filter>
    </ClCompile>
    <ClCompile Include="Sound.cpp">
      <Filter>Entities\Sound</Filter>
    </ClCompile>
    <ClCompile Include="Sprite.cpp">
      <Filter>Entities\Entity2D\Sprite</Filter>
    </ClCompile>
    <ClCompile Include="BSP.cpp">
      <Filter>Entities\Entity3D\BSP</Filter>
    </ClCompile>
  </ItemGroup>
</Project>